// !$*UTF8*$!
{
	archiveVersion = 1;
	classes = {
	};
	objectVersion = 46;
	objects = {

/* Begin PBXBuildFile section */
		5AE330F5160CD0F1004C744A /* UIKit.framework in Frameworks */ = {isa = PBXBuildFile; fileRef = 5AE330F4160CD0F1004C744A /* UIKit.framework */; };
		5AE330F7160CD0F1004C744A /* Foundation.framework in Frameworks */ = {isa = PBXBuildFile; fileRef = 5AE330F6160CD0F1004C744A /* Foundation.framework */; };
		5AE330F9160CD0F1004C744A /* CoreGraphics.framework in Frameworks */ = {isa = PBXBuildFile; fileRef = 5AE330F8160CD0F1004C744A /* CoreGraphics.framework */; };
		5AE330FF160CD0F1004C744A /* InfoPlist.strings in Resources */ = {isa = PBXBuildFile; fileRef = 5AE330FD160CD0F1004C744A /* InfoPlist.strings */; };
		5AE33101160CD0F1004C744A /* main.m in Sources */ = {isa = PBXBuildFile; fileRef = 5AE33100160CD0F1004C744A /* main.m */; };
		5AE33105160CD0F1004C744A /* HHLAppDelegate.m in Sources */ = {isa = PBXBuildFile; fileRef = 5AE33104160CD0F1004C744A /* HHLAppDelegate.m */; };
		5AE33107160CD0F1004C744A /* Default.png in Resources */ = {isa = PBXBuildFile; fileRef = 5AE33106160CD0F1004C744A /* Default.png */; };
		5AE33109160CD0F1004C744A /* Default@2x.png in Resources */ = {isa = PBXBuildFile; fileRef = 5AE33108160CD0F1004C744A /* Default@2x.png */; };
		5AE3310B160CD0F1004C744A /* Default-568h@2x.png in Resources */ = {isa = PBXBuildFile; fileRef = 5AE3310A160CD0F1004C744A /* Default-568h@2x.png */; };
		5AE3310E160CD0F1004C744A /* MainStoryboard_iPhone.storyboard in Resources */ = {isa = PBXBuildFile; fileRef = 5AE3310C160CD0F1004C744A /* MainStoryboard_iPhone.storyboard */; };
		5AE33111160CD0F1004C744A /* MainStoryboard_iPad.storyboard in Resources */ = {isa = PBXBuildFile; fileRef = 5AE3310F160CD0F1004C744A /* MainStoryboard_iPad.storyboard */; };
		5AE33114160CD0F1004C744A /* HHLViewController.m in Sources */ = {isa = PBXBuildFile; fileRef = 5AE33113160CD0F1004C744A /* HHLViewController.m */; };
		5AE3311B160CD124004C744A /* states.json in Resources */ = {isa = PBXBuildFile; fileRef = 5AE3311A160CD124004C744A /* states.json */; };
		5AE3311D160CD1AD004C744A /* MapKit.framework in Frameworks */ = {isa = PBXBuildFile; fileRef = 5AE3311C160CD1AD004C744A /* MapKit.framework */; };
		5AE33124160CD37E004C744A /* CoreLocation.framework in Frameworks */ = {isa = PBXBuildFile; fileRef = 5AE33123160CD37E004C744A /* CoreLocation.framework */; };
/* End PBXBuildFile section */

/* Begin PBXFileReference section */
		5AE330F0160CD0F1004C744A /* MapKitUSA.app */ = {isa = PBXFileReference; explicitFileType = wrapper.application; includeInIndex = 0; path = MapKitUSA.app; sourceTree = BUILT_PRODUCTS_DIR; };
		5AE330F4160CD0F1004C744A /* UIKit.framework */ = {isa = PBXFileReference; lastKnownFileType = wrapper.framework; name = UIKit.framework; path = System/Library/Frameworks/UIKit.framework; sourceTree = SDKROOT; };
		5AE330F6160CD0F1004C744A /* Foundation.framework */ = {isa = PBXFileReference; lastKnownFileType = wrapper.framework; name = Foundation.framework; path = System/Library/Frameworks/Foundation.framework; sourceTree = SDKROOT; };
		5AE330F8160CD0F1004C744A /* CoreGraphics.framework */ = {isa = PBXFileReference; lastKnownFileType = wrapper.framework; name = CoreGraphics.framework; path = System/Library/Frameworks/CoreGraphics.framework; sourceTree = SDKROOT; };
		5AE330FC160CD0F1004C744A /* MapKitUSA-Info.plist */ = {isa = PBXFileReference; lastKnownFileType = text.plist.xml; path = "MapKitUSA-Info.plist"; sourceTree = "<group>"; };
		5AE330FE160CD0F1004C744A /* en */ = {isa = PBXFileReference; lastKnownFileType = text.plist.strings; name = en; path = en.lproj/InfoPlist.strings; sourceTree = "<group>"; };
		5AE33100160CD0F1004C744A /* main.m */ = {isa = PBXFileReference; lastKnownFileType = sourcecode.c.objc; path = main.m; sourceTree = "<group>"; };
		5AE33102160CD0F1004C744A /* MapKitUSA-Prefix.pch */ = {isa = PBXFileReference; lastKnownFileType = sourcecode.c.h; path = "MapKitUSA-Prefix.pch"; sourceTree = "<group>"; };
		5AE33103160CD0F1004C744A /* HHLAppDelegate.h */ = {isa = PBXFileReference; lastKnownFileType = sourcecode.c.h; path = HHLAppDelegate.h; sourceTree = "<group>"; };
		5AE33104160CD0F1004C744A /* HHLAppDelegate.m */ = {isa = PBXFileReference; lastKnownFileType = sourcecode.c.objc; path = HHLAppDelegate.m; sourceTree = "<group>"; };
		5AE33106160CD0F1004C744A /* Default.png */ = {isa = PBXFileReference; lastKnownFileType = image.png; path = Default.png; sourceTree = "<group>"; };
		5AE33108160CD0F1004C744A /* Default@2x.png */ = {isa = PBXFileReference; lastKnownFileType = image.png; path = "Default@2x.png"; sourceTree = "<group>"; };
		5AE3310A160CD0F1004C744A /* Default-568h@2x.png */ = {isa = PBXFileReference; lastKnownFileType = image.png; path = "Default-568h@2x.png"; sourceTree = "<group>"; };
		5AE3310D160CD0F1004C744A /* en */ = {isa = PBXFileReference; lastKnownFileType = file.storyboard; name = en; path = en.lproj/MainStoryboard_iPhone.storyboard; sourceTree = "<group>"; };
		5AE33110160CD0F1004C744A /* en */ = {isa = PBXFileReference; lastKnownFileType = file.storyboard; name = en; path = en.lproj/MainStoryboard_iPad.storyboard; sourceTree = "<group>"; };
		5AE33112160CD0F1004C744A /* HHLViewController.h */ = {isa = PBXFileReference; lastKnownFileType = sourcecode.c.h; path = HHLViewController.h; sourceTree = "<group>"; };
		5AE33113160CD0F1004C744A /* HHLViewController.m */ = {isa = PBXFileReference; lastKnownFileType = sourcecode.c.objc; path = HHLViewController.m; sourceTree = "<group>"; };
		5AE3311A160CD124004C744A /* states.json */ = {isa = PBXFileReference; fileEncoding = 4; lastKnownFileType = text.json; path = states.json; sourceTree = "<group>"; };
		5AE3311C160CD1AD004C744A /* MapKit.framework */ = {isa = PBXFileReference; lastKnownFileType = wrapper.framework; name = MapKit.framework; path = System/Library/Frameworks/MapKit.framework; sourceTree = SDKROOT; };
		5AE33123160CD37E004C744A /* CoreLocation.framework */ = {isa = PBXFileReference; lastKnownFileType = wrapper.framework; name = CoreLocation.framework; path = System/Library/Frameworks/CoreLocation.framework; sourceTree = SDKROOT; };
/* End PBXFileReference section */

/* Begin PBXFrameworksBuildPhase section */
		5AE330ED160CD0F1004C744A /* Frameworks */ = {
			isa = PBXFrameworksBuildPhase;
			buildActionMask = 2147483647;
			files = (
				5AE33124160CD37E004C744A /* CoreLocation.framework in Frameworks */,
				5AE3311D160CD1AD004C744A /* MapKit.framework in Frameworks */,
				5AE330F5160CD0F1004C744A /* UIKit.framework in Frameworks */,
				5AE330F7160CD0F1004C744A /* Foundation.framework in Frameworks */,
				5AE330F9160CD0F1004C744A /* CoreGraphics.framework in Frameworks */,
			);
			runOnlyForDeploymentPostprocessing = 0;
		};
/* End PBXFrameworksBuildPhase section */

/* Begin PBXGroup section */
		5AE330E5160CD0F1004C744A = {
			isa = PBXGroup;
			children = (
				5AE330FA160CD0F1004C744A /* MapKitUSA */,
				5AE330F3160CD0F1004C744A /* Frameworks */,
				5AE330F1160CD0F1004C744A /* Products */,
			);
			sourceTree = "<group>";
		};
		5AE330F1160CD0F1004C744A /* Products */ = {
			isa = PBXGroup;
			children = (
				5AE330F0160CD0F1004C744A /* MapKitUSA.app */,
			);
			name = Products;
			sourceTree = "<group>";
		};
		5AE330F3160CD0F1004C744A /* Frameworks */ = {
			isa = PBXGroup;
			children = (
				5AE33123160CD37E004C744A /* CoreLocation.framework */,
				5AE3311C160CD1AD004C744A /* MapKit.framework */,
				5AE330F4160CD0F1004C744A /* UIKit.framework */,
				5AE330F6160CD0F1004C744A /* Foundation.framework */,
				5AE330F8160CD0F1004C744A /* CoreGraphics.framework */,
			);
			name = Frameworks;
			sourceTree = "<group>";
		};
		5AE330FA160CD0F1004C744A /* MapKitUSA */ = {
			isa = PBXGroup;
			children = (
				5AE33103160CD0F1004C744A /* HHLAppDelegate.h */,
				5AE33104160CD0F1004C744A /* HHLAppDelegate.m */,
				5AE3310C160CD0F1004C744A /* MainStoryboard_iPhone.storyboard */,
				5AE3310F160CD0F1004C744A /* MainStoryboard_iPad.storyboard */,
				5AE33112160CD0F1004C744A /* HHLViewController.h */,
				5AE33113160CD0F1004C744A /* HHLViewController.m */,
				5AE3311A160CD124004C744A /* states.json */,
				5AE330FB160CD0F1004C744A /* Supporting Files */,
			);
			path = MapKitUSA;
			sourceTree = "<group>";
		};
		5AE330FB160CD0F1004C744A /* Supporting Files */ = {
			isa = PBXGroup;
			children = (
				5AE330FC160CD0F1004C744A /* MapKitUSA-Info.plist */,
				5AE330FD160CD0F1004C744A /* InfoPlist.strings */,
				5AE33100160CD0F1004C744A /* main.m */,
				5AE33102160CD0F1004C744A /* MapKitUSA-Prefix.pch */,
				5AE33106160CD0F1004C744A /* Default.png */,
				5AE33108160CD0F1004C744A /* Default@2x.png */,
				5AE3310A160CD0F1004C744A /* Default-568h@2x.png */,
			);
			name = "Supporting Files";
			sourceTree = "<group>";
		};
/* End PBXGroup section */

/* Begin PBXNativeTarget section */
		5AE330EF160CD0F1004C744A /* MapKitUSA */ = {
			isa = PBXNativeTarget;
			buildConfigurationList = 5AE33117160CD0F1004C744A /* Build configuration list for PBXNativeTarget "MapKitUSA" */;
			buildPhases = (
				5AE330EC160CD0F1004C744A /* Sources */,
				5AE330ED160CD0F1004C744A /* Frameworks */,
				5AE330EE160CD0F1004C744A /* Resources */,
			);
			buildRules = (
			);
			dependencies = (
			);
			name = MapKitUSA;
			productName = MapKitUSA;
			productReference = 5AE330F0160CD0F1004C744A /* MapKitUSA.app */;
			productType = "com.apple.product-type.application";
		};
/* End PBXNativeTarget section */

/* Begin PBXProject section */
		5AE330E7160CD0F1004C744A /* Project object */ = {
			isa = PBXProject;
			attributes = {
				CLASSPREFIX = HHL;
				LastUpgradeCheck = 0450;
				ORGANIZATIONNAME = "Hanchor LLC";
			};
			buildConfigurationList = 5AE330EA160CD0F1004C744A /* Build configuration list for PBXProject "MapKitUSA" */;
			compatibilityVersion = "Xcode 3.2";
			developmentRegion = English;
			hasScannedForEncodings = 0;
			knownRegions = (
				en,
			);
			mainGroup = 5AE330E5160CD0F1004C744A;
			productRefGroup = 5AE330F1160CD0F1004C744A /* Products */;
			projectDirPath = "";
			projectRoot = "";
			targets = (
				5AE330EF160CD0F1004C744A /* MapKitUSA */,
			);
		};
/* End PBXProject section */

/* Begin PBXResourcesBuildPhase section */
		5AE330EE160CD0F1004C744A /* Resources */ = {
			isa = PBXResourcesBuildPhase;
			buildActionMask = 2147483647;
			files = (
				5AE330FF160CD0F1004C744A /* InfoPlist.strings in Resources */,
				5AE33107160CD0F1004C744A /* Default.png in Resources */,
				5AE33109160CD0F1004C744A /* Default@2x.png in Resources */,
				5AE3310B160CD0F1004C744A /* Default-568h@2x.png in Resources */,
				5AE3310E160CD0F1004C744A /* MainStoryboard_iPhone.storyboard in Resources */,
				5AE33111160CD0F1004C744A /* MainStoryboard_iPad.storyboard in Resources */,
				5AE3311B160CD124004C744A /* states.json in Resources */,
			);
			runOnlyForDeploymentPostprocessing = 0;
		};
/* End PBXResourcesBuildPhase section */

/* Begin PBXSourcesBuildPhase section */
		5AE330EC160CD0F1004C744A /* Sources */ = {
			isa = PBXSourcesBuildPhase;
			buildActionMask = 2147483647;
			files = (
				5AE33101160CD0F1004C744A /* main.m in Sources */,
				5AE33105160CD0F1004C744A /* HHLAppDelegate.m in Sources */,
				5AE33114160CD0F1004C744A /* HHLViewController.m in Sources */,
			);
			runOnlyForDeploymentPostprocessing = 0;
		};
/* End PBXSourcesBuildPhase section */

/* Begin PBXVariantGroup section */
		5AE330FD160CD0F1004C744A /* InfoPlist.strings */ = {
			isa = PBXVariantGroup;
			children = (
				5AE330FE160CD0F1004C744A /* en */,
			);
			name = InfoPlist.strings;
			sourceTree = "<group>";
		};
		5AE3310C160CD0F1004C744A /* MainStoryboard_iPhone.storyboard */ = {
			isa = PBXVariantGroup;
			children = (
				5AE3310D160CD0F1004C744A /* en */,
			);
			name = MainStoryboard_iPhone.storyboard;
			sourceTree = "<group>";
		};
		5AE3310F160CD0F1004C744A /* MainStoryboard_iPad.storyboard */ = {
			isa = PBXVariantGroup;
			children = (
				5AE33110160CD0F1004C744A /* en */,
			);
			name = MainStoryboard_iPad.storyboard;
			sourceTree = "<group>";
		};
/* End PBXVariantGroup section */

/* Begin XCBuildConfiguration section */
		5AE33115160CD0F1004C744A /* Debug */ = {
			isa = XCBuildConfiguration;
			buildSettings = {
				ALWAYS_SEARCH_USER_PATHS = NO;
				CLANG_CXX_LANGUAGE_STANDARD = "gnu++0x";
				CLANG_CXX_LIBRARY = "libc++";
				CLANG_ENABLE_OBJC_ARC = YES;
				CLANG_WARN_EMPTY_BODY = YES;
				CLANG_WARN__DUPLICATE_METHOD_MATCH = YES;
				"CODE_SIGN_IDENTITY[sdk=iphoneos*]" = "iPhone Developer";
				COPY_PHASE_STRIP = NO;
				GCC_C_LANGUAGE_STANDARD = gnu99;
				GCC_DYNAMIC_NO_PIC = NO;
				GCC_OPTIMIZATION_LEVEL = 0;
				GCC_PREPROCESSOR_DEFINITIONS = (
					"DEBUG=1",
					"$(inherited)",
				);
				GCC_SYMBOLS_PRIVATE_EXTERN = NO;
				GCC_WARN_ABOUT_RETURN_TYPE = YES;
				GCC_WARN_UNINITIALIZED_AUTOS = YES;
				GCC_WARN_UNUSED_VARIABLE = YES;
				IPHONEOS_DEPLOYMENT_TARGET = 6.0;
				SDKROOT = iphoneos;
				TARGETED_DEVICE_FAMILY = "1,2";
			};
			name = Debug;
		};
		5AE33116160CD0F1004C744A /* Release */ = {
			isa = XCBuildConfiguration;
			buildSettings = {
				ALWAYS_SEARCH_USER_PATHS = NO;
				CLANG_CXX_LANGUAGE_STANDARD = "gnu++0x";
				CLANG_CXX_LIBRARY = "libc++";
				CLANG_ENABLE_OBJC_ARC = YES;
				CLANG_WARN_EMPTY_BODY = YES;
				CLANG_WARN__DUPLICATE_METHOD_MATCH = YES;
				"CODE_SIGN_IDENTITY[sdk=iphoneos*]" = "iPhone Developer";
				COPY_PHASE_STRIP = YES;
				GCC_C_LANGUAGE_STANDARD = gnu99;
				GCC_WARN_ABOUT_RETURN_TYPE = YES;
				GCC_WARN_UNINITIALIZED_AUTOS = YES;
				GCC_WARN_UNUSED_VARIABLE = YES;
				IPHONEOS_DEPLOYMENT_TARGET = 6.0;
				OTHER_CFLAGS = "-DNS_BLOCK_ASSERTIONS=1";
				SDKROOT = iphoneos;
				TARGETED_DEVICE_FAMILY = "1,2";
				VALIDATE_PRODUCT = YES;
			};
			name = Release;
		};
		5AE33118160CD0F1004C744A /* Debug */ = {
			isa = XCBuildConfiguration;
			buildSettings = {
				GCC_PRECOMPILE_PREFIX_HEADER = YES;
				GCC_PREFIX_HEADER = "MapKitUSA/MapKitUSA-Prefix.pch";
				INFOPLIST_FILE = "MapKitUSA/MapKitUSA-Info.plist";
				PRODUCT_NAME = "$(TARGET_NAME)";
				WRAPPER_EXTENSION = app;
			};
			name = Debug;
		};
		5AE33119160CD0F1004C744A /* Release */ = {
			isa = XCBuildConfiguration;
			buildSettings = {
				GCC_PRECOMPILE_PREFIX_HEADER = YES;
				GCC_PREFIX_HEADER = "MapKitUSA/MapKitUSA-Prefix.pch";
				INFOPLIST_FILE = "MapKitUSA/MapKitUSA-Info.plist";
				PRODUCT_NAME = "$(TARGET_NAME)";
				WRAPPER_EXTENSION = app;
			};
			name = Release;
		};
/* End XCBuildConfiguration section */

/* Begin XCConfigurationList section */
		5AE330EA160CD0F1004C744A /* Build configuration list for PBXProject "MapKitUSA" */ = {
			isa = XCConfigurationList;
			buildConfigurations = (
				5AE33115160CD0F1004C744A /* Debug */,
				5AE33116160CD0F1004C744A /* Release */,
			);
			defaultConfigurationIsVisible = 0;
			defaultConfigurationName = Release;
		};
		5AE33117160CD0F1004C744A /* Build configuration list for PBXNativeTarget "MapKitUSA" */ = {
			isa = XCConfigurationList;
			buildConfigurations = (
				5AE33118160CD0F1004C744A /* Debug */,
				5AE33119160CD0F1004C744A /* Release */,
			);
			defaultConfigurationIsVisible = 0;
		};
/* End XCConfigurationList section */
	};
	rootObject = 5AE330E7160CD0F1004C744A /* Project object */;
}
